// !$*UTF8*$!
{
	archiveVersion = 1;
	classes = {
	};
	objectVersion = 46;
	objects = {

/* Begin PBXBuildFile section */
		3201088596B4756681693705 /* libThree20UICommon.a in Frameworks */ = {isa = PBXBuildFile; fileRef = 3201088596B4756681693704 /* libThree20UICommon.a */; };
		320A2827FEC940B25BC42C65 /* libThree20Core.a in Frameworks */ = {isa = PBXBuildFile; fileRef = 320A2827FEC940B25BC42C64 /* libThree20Core.a */; };
		320A5A189C235877202780D5 /* libThree20Network.a in Frameworks */ = {isa = PBXBuildFile; fileRef = 320A5A189C235877202780D4 /* libThree20Network.a */; };
		320A737074758E53BA54BE95 /* libThree20UINavigator.a in Frameworks */ = {isa = PBXBuildFile; fileRef = 320A737074758E53BA54BE94 /* libThree20UINavigator.a */; };
		320AF8492C47A4D819F7C451 /* QuartzCore.framework in Frameworks */ = {isa = PBXBuildFile; fileRef = 320AF8492C47A4D819F7C450 /* QuartzCore.framework */; };
		320B6C86F11D9990244A9731 /* Three20.bundle in Resources */ = {isa = PBXBuildFile; fileRef = 320B6C86F11D9990244A9730 /* Three20.bundle */; };
		320CC833B8AF0ACFD35E6225 /* libThree20Style.a in Frameworks */ = {isa = PBXBuildFile; fileRef = 320CC833B8AF0ACFD35E6224 /* libThree20Style.a */; };
		320D7DCCE32703ACAB9A45E5 /* libThree20.a in Frameworks */ = {isa = PBXBuildFile; fileRef = 320D7DCCE32703ACAB9A45E4 /* libThree20.a */; };
		320F2C48872C2E2C4DF86205 /* libThree20UI.a in Frameworks */ = {isa = PBXBuildFile; fileRef = 320F2C48872C2E2C4DF86204 /* libThree20UI.a */; };
		E97F622213CAD6D300502CD8 /* UIKit.framework in Frameworks */ = {isa = PBXBuildFile; fileRef = E97F622113CAD6D300502CD8 /* UIKit.framework */; };
		E97F622413CAD6D300502CD8 /* Foundation.framework in Frameworks */ = {isa = PBXBuildFile; fileRef = E97F622313CAD6D300502CD8 /* Foundation.framework */; };
		E97F622613CAD6D300502CD8 /* CoreGraphics.framework in Frameworks */ = {isa = PBXBuildFile; fileRef = E97F622513CAD6D300502CD8 /* CoreGraphics.framework */; };
		E97F622C13CAD6D300502CD8 /* InfoPlist.strings in Resources */ = {isa = PBXBuildFile; fileRef = E97F622A13CAD6D300502CD8 /* InfoPlist.strings */; };
		E97F622F13CAD6D300502CD8 /* main.m in Sources */ = {isa = PBXBuildFile; fileRef = E97F622E13CAD6D300502CD8 /* main.m */; };
		E97F623213CAD6D300502CD8 /* iOS_ClientAppDelegate.m in Sources */ = {isa = PBXBuildFile; fileRef = E97F623113CAD6D300502CD8 /* iOS_ClientAppDelegate.m */; };
		E97F623613CAD6D300502CD8 /* iOS_ClientAppDelegate_iPhone.m in Sources */ = {isa = PBXBuildFile; fileRef = E97F623513CAD6D300502CD8 /* iOS_ClientAppDelegate_iPhone.m */; };
		E97F623913CAD6D300502CD8 /* MainWindow_iPhone.xib in Resources */ = {isa = PBXBuildFile; fileRef = E97F623713CAD6D300502CD8 /* MainWindow_iPhone.xib */; };
		E97F623D13CAD6D300502CD8 /* iOS_ClientAppDelegate_iPad.m in Sources */ = {isa = PBXBuildFile; fileRef = E97F623C13CAD6D300502CD8 /* iOS_ClientAppDelegate_iPad.m */; };
		E97F624013CAD6D300502CD8 /* MainWindow_iPad.xib in Resources */ = {isa = PBXBuildFile; fileRef = E97F623E13CAD6D300502CD8 /* MainWindow_iPad.xib */; };
		E97F624713CAD6D300502CD8 /* UIKit.framework in Frameworks */ = {isa = PBXBuildFile; fileRef = E97F622113CAD6D300502CD8 /* UIKit.framework */; };
		E97F624813CAD6D300502CD8 /* Foundation.framework in Frameworks */ = {isa = PBXBuildFile; fileRef = E97F622313CAD6D300502CD8 /* Foundation.framework */; };
		E97F624913CAD6D300502CD8 /* CoreGraphics.framework in Frameworks */ = {isa = PBXBuildFile; fileRef = E97F622513CAD6D300502CD8 /* CoreGraphics.framework */; };
		E97F625113CAD6D300502CD8 /* InfoPlist.strings in Resources */ = {isa = PBXBuildFile; fileRef = E97F624F13CAD6D300502CD8 /* InfoPlist.strings */; };
		E97F625413CAD6D300502CD8 /* iOS_ClientTests.h in Resources */ = {isa = PBXBuildFile; fileRef = E97F625313CAD6D300502CD8 /* iOS_ClientTests.h */; };
		E97F625613CAD6D300502CD8 /* iOS_ClientTests.m in Sources */ = {isa = PBXBuildFile; fileRef = E97F625513CAD6D300502CD8 /* iOS_ClientTests.m */; };
/* End PBXBuildFile section */

/* Begin PBXContainerItemProxy section */
		3201088596B4756681693702 /* PBXContainerItemProxy */ = {
			isa = PBXContainerItemProxy;
			containerPortal = 3201088596B4756681693700 /* Three20UICommon.xcodeproj */;
			proxyType = 1;
			remoteGlobalIDString = BEF31F390F352DF5000DE5D2;
			remoteInfo = Three20UICommon;
		};
		3201088596B4756681693706 /* PBXContainerItemProxy */ = {
			isa = PBXContainerItemProxy;
			containerPortal = 3201088596B4756681693700 /* Three20UICommon.xcodeproj */;
			proxyType = 2;
			remoteGlobalIDString = BEF31F3A0F352DF5000DE5D2;
			remoteInfo = Three20UICommon;
		};
		320A2827FEC940B25BC42C62 /* PBXContainerItemProxy */ = {
			isa = PBXContainerItemProxy;
			containerPortal = 320A2827FEC940B25BC42C60 /* Three20Core.xcodeproj */;
			proxyType = 1;
			remoteGlobalIDString = BEF31F390F352DF5000DE5D2;
			remoteInfo = Three20Core;
		};
		320A2827FEC940B25BC42C66 /* PBXContainerItemProxy */ = {
			isa = PBXContainerItemProxy;
			containerPortal = 320A2827FEC940B25BC42C60 /* Three20Core.xcodeproj */;
			proxyType = 2;
			remoteGlobalIDString = BEF31F3A0F352DF5000DE5D2;
			remoteInfo = Three20Core;
		};
		320A5A189C235877202780D2 /* PBXContainerItemProxy */ = {
			isa = PBXContainerItemProxy;
			containerPortal = 320A5A189C235877202780D0 /* Three20Network.xcodeproj */;
			proxyType = 1;
			remoteGlobalIDString = BEF31F390F352DF5000DE5D2;
			remoteInfo = Three20Network;
		};
		320A5A189C235877202780D6 /* PBXContainerItemProxy */ = {
			isa = PBXContainerItemProxy;
			containerPortal = 320A5A189C235877202780D0 /* Three20Network.xcodeproj */;
			proxyType = 2;
			remoteGlobalIDString = BEF31F3A0F352DF5000DE5D2;
			remoteInfo = Three20Network;
		};
		320A737074758E53BA54BE92 /* PBXContainerItemProxy */ = {
			isa = PBXContainerItemProxy;
			containerPortal = 320A737074758E53BA54BE90 /* Three20UINavigator.xcodeproj */;
			proxyType = 1;
			remoteGlobalIDString = BEF31F390F352DF5000DE5D2;
			remoteInfo = Three20UINavigator;
		};
		320A737074758E53BA54BE96 /* PBXContainerItemProxy */ = {
			isa = PBXContainerItemProxy;
			containerPortal = 320A737074758E53BA54BE90 /* Three20UINavigator.xcodeproj */;
			proxyType = 2;
			remoteGlobalIDString = BEF31F3A0F352DF5000DE5D2;
			remoteInfo = Three20UINavigator;
		};
		320CC833B8AF0ACFD35E6222 /* PBXContainerItemProxy */ = {
			isa = PBXContainerItemProxy;
			containerPortal = 320CC833B8AF0ACFD35E6220 /* Three20Style.xcodeproj */;
			proxyType = 1;
			remoteGlobalIDString = BEF31F390F352DF5000DE5D2;
			remoteInfo = Three20Style;
		};
		320CC833B8AF0ACFD35E6226 /* PBXContainerItemProxy */ = {
			isa = PBXContainerItemProxy;
			containerPortal = 320CC833B8AF0ACFD35E6220 /* Three20Style.xcodeproj */;
			proxyType = 2;
			remoteGlobalIDString = BEF31F3A0F352DF5000DE5D2;
			remoteInfo = Three20Style;
		};
		320D7DCCE32703ACAB9A45E2 /* PBXContainerItemProxy */ = {
			isa = PBXContainerItemProxy;
			containerPortal = 320D7DCCE32703ACAB9A45E0 /* Three20.xcodeproj */;
			proxyType = 1;
			remoteGlobalIDString = BEF31F390F352DF5000DE5D2;
			remoteInfo = Three20;
		};
		320D7DCCE32703ACAB9A45E6 /* PBXContainerItemProxy */ = {
			isa = PBXContainerItemProxy;
			containerPortal = 320D7DCCE32703ACAB9A45E0 /* Three20.xcodeproj */;
			proxyType = 2;
			remoteGlobalIDString = BEF31F3A0F352DF5000DE5D2;
			remoteInfo = Three20;
		};
		320F2C48872C2E2C4DF86202 /* PBXContainerItemProxy */ = {
			isa = PBXContainerItemProxy;
			containerPortal = 320F2C48872C2E2C4DF86200 /* Three20UI.xcodeproj */;
			proxyType = 1;
			remoteGlobalIDString = BEF31F390F352DF5000DE5D2;
			remoteInfo = Three20UI;
		};
		320F2C48872C2E2C4DF86206 /* PBXContainerItemProxy */ = {
			isa = PBXContainerItemProxy;
			containerPortal = 320F2C48872C2E2C4DF86200 /* Three20UI.xcodeproj */;
			proxyType = 2;
			remoteGlobalIDString = BEF31F3A0F352DF5000DE5D2;
			remoteInfo = Three20UI;
		};
		E97F624A13CAD6D300502CD8 /* PBXContainerItemProxy */ = {
			isa = PBXContainerItemProxy;
			containerPortal = E97F621413CAD6D300502CD8 /* Project object */;
			proxyType = 1;
			remoteGlobalIDString = E97F621C13CAD6D300502CD8;
			remoteInfo = "iOS-Client";
		};
		E97F629113CAD9E800502CD8 /* PBXContainerItemProxy */ = {
			isa = PBXContainerItemProxy;
			containerPortal = 320D7DCCE32703ACAB9A45E0 /* Three20.xcodeproj */;
			proxyType = 2;
			remoteGlobalIDString = EB9E6C6210B6A8F800DE563C;
			remoteInfo = Three20UnitTests;
		};
		E97F629413CAD9E800502CD8 /* PBXContainerItemProxy */ = {
			isa = PBXContainerItemProxy;
			containerPortal = 320A2827FEC940B25BC42C60 /* Three20Core.xcodeproj */;
			proxyType = 2;
			remoteGlobalIDString = EB9E6C6210B6A8F800DE563C;
			remoteInfo = Three20CoreUnitTests;
		};
		E97F629713CAD9E800502CD8 /* PBXContainerItemProxy */ = {
			isa = PBXContainerItemProxy;
			containerPortal = 320A5A189C235877202780D0 /* Three20Network.xcodeproj */;
			proxyType = 2;
			remoteGlobalIDString = EB9E6C6210B6A8F800DE563C;
			remoteInfo = Three20NetworkUnitTests;
		};
		E97F629A13CAD9E800502CD8 /* PBXContainerItemProxy */ = {
			isa = PBXContainerItemProxy;
			containerPortal = 320CC833B8AF0ACFD35E6220 /* Three20Style.xcodeproj */;
			proxyType = 2;
			remoteGlobalIDString = EB9E6C6210B6A8F800DE563C;
			remoteInfo = Three20StyleUnitTests;
		};
		E97F629D13CAD9E800502CD8 /* PBXContainerItemProxy */ = {
			isa = PBXContainerItemProxy;
			containerPortal = 320F2C48872C2E2C4DF86200 /* Three20UI.xcodeproj */;
			proxyType = 2;
			remoteGlobalIDString = EB9E6C6210B6A8F800DE563C;
			remoteInfo = Three20UIUnitTests;
		};
		E97F62A013CAD9E800502CD8 /* PBXContainerItemProxy */ = {
			isa = PBXContainerItemProxy;
			containerPortal = 3201088596B4756681693700 /* Three20UICommon.xcodeproj */;
			proxyType = 2;
			remoteGlobalIDString = EB9E6C6210B6A8F800DE563C;
			remoteInfo = Three20UICommonUnitTests;
		};
		E97F62A313CAD9E800502CD8 /* PBXContainerItemProxy */ = {
			isa = PBXContainerItemProxy;
			containerPortal = 320A737074758E53BA54BE90 /* Three20UINavigator.xcodeproj */;
			proxyType = 2;
			remoteGlobalIDString = EB9E6C6210B6A8F800DE563C;
			remoteInfo = Three20UINavigatorUnitTests;
		};
/* End PBXContainerItemProxy section */

/* Begin PBXFileReference section */
		3201088596B4756681693700 /* Three20UICommon.xcodeproj */ = {isa = PBXFileReference; lastKnownFileType = "wrapper.pb-project"; name = Three20UICommon.xcodeproj; path = submodule/Three20/src/Three20UICommon/Three20UICommon.xcodeproj; sourceTree = SOURCE_ROOT; };
		320A2827FEC940B25BC42C60 /* Three20Core.xcodeproj */ = {isa = PBXFileReference; lastKnownFileType = "wrapper.pb-project"; name = Three20Core.xcodeproj; path = submodule/Three20/src/Three20Core/Three20Core.xcodeproj; sourceTree = SOURCE_ROOT; };
		320A5A189C235877202780D0 /* Three20Network.xcodeproj */ = {isa = PBXFileReference; lastKnownFileType = "wrapper.pb-project"; name = Three20Network.xcodeproj; path = submodule/Three20/src/Three20Network/Three20Network.xcodeproj; sourceTree = SOURCE_ROOT; };
		320A737074758E53BA54BE90 /* Three20UINavigator.xcodeproj */ = {isa = PBXFileReference; lastKnownFileType = "wrapper.pb-project"; name = Three20UINavigator.xcodeproj; path = submodule/Three20/src/Three20UINavigator/Three20UINavigator.xcodeproj; sourceTree = SOURCE_ROOT; };
		320AF8492C47A4D819F7C450 /* QuartzCore.framework */ = {isa = PBXFileReference; lastKnownFileType = wrapper.framework; name = QuartzCore.framework; path = System/Library/Frameworks/QuartzCore.framework; sourceTree = SDKROOT; };
		320B6C86F11D9990244A9730 /* Three20.bundle */ = {isa = PBXFileReference; lastKnownFileType = "wrapper.plug-in"; name = Three20.bundle; path = submodule/Three20/src/Three20.bundle; sourceTree = SOURCE_ROOT; };
		320CC833B8AF0ACFD35E6220 /* Three20Style.xcodeproj */ = {isa = PBXFileReference; lastKnownFileType = "wrapper.pb-project"; name = Three20Style.xcodeproj; path = submodule/Three20/src/Three20Style/Three20Style.xcodeproj; sourceTree = SOURCE_ROOT; };
		320D7DCCE32703ACAB9A45E0 /* Three20.xcodeproj */ = {isa = PBXFileReference; lastKnownFileType = "wrapper.pb-project"; name = Three20.xcodeproj; path = submodule/Three20/src/Three20/Three20.xcodeproj; sourceTree = SOURCE_ROOT; };
		320F2C48872C2E2C4DF86200 /* Three20UI.xcodeproj */ = {isa = PBXFileReference; lastKnownFileType = "wrapper.pb-project"; name = Three20UI.xcodeproj; path = submodule/Three20/src/Three20UI/Three20UI.xcodeproj; sourceTree = SOURCE_ROOT; };
		E97F621D13CAD6D300502CD8 /* iOS-Client.app */ = {isa = PBXFileReference; explicitFileType = wrapper.application; includeInIndex = 0; path = "iOS-Client.app"; sourceTree = BUILT_PRODUCTS_DIR; };
		E97F622113CAD6D300502CD8 /* UIKit.framework */ = {isa = PBXFileReference; lastKnownFileType = wrapper.framework; name = UIKit.framework; path = System/Library/Frameworks/UIKit.framework; sourceTree = SDKROOT; };
		E97F622313CAD6D300502CD8 /* Foundation.framework */ = {isa = PBXFileReference; lastKnownFileType = wrapper.framework; name = Foundation.framework; path = System/Library/Frameworks/Foundation.framework; sourceTree = SDKROOT; };
		E97F622513CAD6D300502CD8 /* CoreGraphics.framework */ = {isa = PBXFileReference; lastKnownFileType = wrapper.framework; name = CoreGraphics.framework; path = System/Library/Frameworks/CoreGraphics.framework; sourceTree = SDKROOT; };
		E97F622913CAD6D300502CD8 /* iOS-Client-Info.plist */ = {isa = PBXFileReference; lastKnownFileType = text.plist.xml; path = "iOS-Client-Info.plist"; sourceTree = "<group>"; };
		E97F622B13CAD6D300502CD8 /* en */ = {isa = PBXFileReference; lastKnownFileType = text.plist.strings; name = en; path = en.lproj/InfoPlist.strings; sourceTree = "<group>"; };
		E97F622D13CAD6D300502CD8 /* iOS-Client-Prefix.pch */ = {isa = PBXFileReference; lastKnownFileType = sourcecode.c.h; path = "iOS-Client-Prefix.pch"; sourceTree = "<group>"; };
		E97F622E13CAD6D300502CD8 /* main.m */ = {isa = PBXFileReference; lastKnownFileType = sourcecode.c.objc; path = main.m; sourceTree = "<group>"; };
		E97F623013CAD6D300502CD8 /* iOS_ClientAppDelegate.h */ = {isa = PBXFileReference; lastKnownFileType = sourcecode.c.h; path = iOS_ClientAppDelegate.h; sourceTree = "<group>"; };
		E97F623113CAD6D300502CD8 /* iOS_ClientAppDelegate.m */ = {isa = PBXFileReference; lastKnownFileType = sourcecode.c.objc; path = iOS_ClientAppDelegate.m; sourceTree = "<group>"; };
		E97F623413CAD6D300502CD8 /* iOS_ClientAppDelegate_iPhone.h */ = {isa = PBXFileReference; lastKnownFileType = sourcecode.c.h; name = iOS_ClientAppDelegate_iPhone.h; path = iPhone/iOS_ClientAppDelegate_iPhone.h; sourceTree = "<group>"; };
		E97F623513CAD6D300502CD8 /* iOS_ClientAppDelegate_iPhone.m */ = {isa = PBXFileReference; lastKnownFileType = sourcecode.c.objc; name = iOS_ClientAppDelegate_iPhone.m; path = iPhone/iOS_ClientAppDelegate_iPhone.m; sourceTree = "<group>"; };
		E97F623813CAD6D300502CD8 /* en */ = {isa = PBXFileReference; lastKnownFileType = file.xib; name = en; path = iPhone/en.lproj/MainWindow_iPhone.xib; sourceTree = "<group>"; };
		E97F623B13CAD6D300502CD8 /* iOS_ClientAppDelegate_iPad.h */ = {isa = PBXFileReference; lastKnownFileType = sourcecode.c.h; name = iOS_ClientAppDelegate_iPad.h; path = iPad/iOS_ClientAppDelegate_iPad.h; sourceTree = "<group>"; };
		E97F623C13CAD6D300502CD8 /* iOS_ClientAppDelegate_iPad.m */ = {isa = PBXFileReference; lastKnownFileType = sourcecode.c.objc; name = iOS_ClientAppDelegate_iPad.m; path = iPad/iOS_ClientAppDelegate_iPad.m; sourceTree = "<group>"; };
		E97F623F13CAD6D300502CD8 /* en */ = {isa = PBXFileReference; lastKnownFileType = file.xib; name = en; path = iPad/en.lproj/MainWindow_iPad.xib; sourceTree = "<group>"; };
		E97F624613CAD6D300502CD8 /* iOS-ClientTests.octest */ = {isa = PBXFileReference; explicitFileType = wrapper.cfbundle; includeInIndex = 0; path = "iOS-ClientTests.octest"; sourceTree = BUILT_PRODUCTS_DIR; };
		E97F624E13CAD6D300502CD8 /* iOS-ClientTests-Info.plist */ = {isa = PBXFileReference; lastKnownFileType = text.plist.xml; path = "iOS-ClientTests-Info.plist"; sourceTree = "<group>"; };
		E97F625013CAD6D300502CD8 /* en */ = {isa = PBXFileReference; lastKnownFileType = text.plist.strings; name = en; path = en.lproj/InfoPlist.strings; sourceTree = "<group>"; };
		E97F625213CAD6D300502CD8 /* iOS-ClientTests-Prefix.pch */ = {isa = PBXFileReference; lastKnownFileType = sourcecode.c.h; path = "iOS-ClientTests-Prefix.pch"; sourceTree = "<group>"; };
		E97F625313CAD6D300502CD8 /* iOS_ClientTests.h */ = {isa = PBXFileReference; lastKnownFileType = sourcecode.c.h; path = iOS_ClientTests.h; sourceTree = "<group>"; };
		E97F625513CAD6D300502CD8 /* iOS_ClientTests.m */ = {isa = PBXFileReference; lastKnownFileType = sourcecode.c.objc; path = iOS_ClientTests.m; sourceTree = "<group>"; };
/* End PBXFileReference section */

/* Begin PBXFrameworksBuildPhase section */
		E97F621A13CAD6D300502CD8 /* Frameworks */ = {
			isa = PBXFrameworksBuildPhase;
			buildActionMask = 2147483647;
			files = (
				3201088596B4756681693705 /* libThree20UICommon.a in Frameworks */,
				320D7DCCE32703ACAB9A45E5 /* libThree20.a in Frameworks */,
				320A737074758E53BA54BE95 /* libThree20UINavigator.a in Frameworks */,
				320A2827FEC940B25BC42C65 /* libThree20Core.a in Frameworks */,
				320F2C48872C2E2C4DF86205 /* libThree20UI.a in Frameworks */,
				320AF8492C47A4D819F7C451 /* QuartzCore.framework in Frameworks */,
				320A5A189C235877202780D5 /* libThree20Network.a in Frameworks */,
				320CC833B8AF0ACFD35E6225 /* libThree20Style.a in Frameworks */,
				E97F622213CAD6D300502CD8 /* UIKit.framework in Frameworks */,
				E97F622413CAD6D300502CD8 /* Foundation.framework in Frameworks */,
				E97F622613CAD6D300502CD8 /* CoreGraphics.framework in Frameworks */,
			);
			runOnlyForDeploymentPostprocessing = 0;
		};
		E97F624213CAD6D300502CD8 /* Frameworks */ = {
			isa = PBXFrameworksBuildPhase;
			buildActionMask = 2147483647;
			files = (
				E97F624713CAD6D300502CD8 /* UIKit.framework in Frameworks */,
				E97F624813CAD6D300502CD8 /* Foundation.framework in Frameworks */,
				E97F624913CAD6D300502CD8 /* CoreGraphics.framework in Frameworks */,
			);
			runOnlyForDeploymentPostprocessing = 0;
		};
/* End PBXFrameworksBuildPhase section */

/* Begin PBXGroup section */
		3201088596B4756681693703 /* Products */ = {
			isa = PBXGroup;
			children = (
				3201088596B4756681693704 /* libThree20UICommon.a */,
				E97F62A113CAD9E800502CD8 /* UICommonUnitTests.octest */,
			);
			name = Products;
			sourceTree = "<group>";
		};
		320A2827FEC940B25BC42C63 /* Products */ = {
			isa = PBXGroup;
			children = (
				320A2827FEC940B25BC42C64 /* libThree20Core.a */,
				E97F629513CAD9E800502CD8 /* CoreUnitTests.octest */,
			);
			name = Products;
			sourceTree = "<group>";
		};
		320A5A189C235877202780D3 /* Products */ = {
			isa = PBXGroup;
			children = (
				320A5A189C235877202780D4 /* libThree20Network.a */,
				E97F629813CAD9E800502CD8 /* NetworkUnitTests.octest */,
			);
			name = Products;
			sourceTree = "<group>";
		};
		320A737074758E53BA54BE93 /* Products */ = {
			isa = PBXGroup;
			children = (
				320A737074758E53BA54BE94 /* libThree20UINavigator.a */,
				E97F62A413CAD9E800502CD8 /* UINavigatorUnitTests.octest */,
			);
			name = Products;
			sourceTree = "<group>";
		};
		320CC833B8AF0ACFD35E6223 /* Products */ = {
			isa = PBXGroup;
			children = (
				320CC833B8AF0ACFD35E6224 /* libThree20Style.a */,
				E97F629B13CAD9E800502CD8 /* StyleUnitTests.octest */,
			);
			name = Products;
			sourceTree = "<group>";
		};
		320D7DCCE32703ACAB9A45E3 /* Products */ = {
			isa = PBXGroup;
			children = (
				320D7DCCE32703ACAB9A45E4 /* libThree20.a */,
				E97F629213CAD9E800502CD8 /* Three20UnitTests.octest */,
			);
			name = Products;
			sourceTree = "<group>";
		};
		320F2C48872C2E2C4DF86203 /* Products */ = {
			isa = PBXGroup;
			children = (
				320F2C48872C2E2C4DF86204 /* libThree20UI.a */,
				E97F629E13CAD9E800502CD8 /* UIUnitTests.octest */,
			);
			name = Products;
			sourceTree = "<group>";
		};
		E97F621213CAD6D300502CD8 = {
			isa = PBXGroup;
			children = (
				E97F622713CAD6D300502CD8 /* iOS-Client */,
				E97F624C13CAD6D300502CD8 /* iOS-ClientTests */,
				E97F622013CAD6D300502CD8 /* Frameworks */,
				E97F621E13CAD6D300502CD8 /* Products */,
			);
			sourceTree = "<group>";
		};
		E97F621E13CAD6D300502CD8 /* Products */ = {
			isa = PBXGroup;
			children = (
				E97F621D13CAD6D300502CD8 /* iOS-Client.app */,
				E97F624613CAD6D300502CD8 /* iOS-ClientTests.octest */,
			);
			name = Products;
			sourceTree = "<group>";
		};
		E97F622013CAD6D300502CD8 /* Frameworks */ = {
			isa = PBXGroup;
			children = (
				3201088596B4756681693700 /* Three20UICommon.xcodeproj */,
				320D7DCCE32703ACAB9A45E0 /* Three20.xcodeproj */,
				320A737074758E53BA54BE90 /* Three20UINavigator.xcodeproj */,
				320A2827FEC940B25BC42C60 /* Three20Core.xcodeproj */,
				320F2C48872C2E2C4DF86200 /* Three20UI.xcodeproj */,
				320AF8492C47A4D819F7C450 /* QuartzCore.framework */,
				320A5A189C235877202780D0 /* Three20Network.xcodeproj */,
				320CC833B8AF0ACFD35E6220 /* Three20Style.xcodeproj */,
				E97F622113CAD6D300502CD8 /* UIKit.framework */,
				E97F622313CAD6D300502CD8 /* Foundation.framework */,
				E97F622513CAD6D300502CD8 /* CoreGraphics.framework */,
			);
			name = Frameworks;
			sourceTree = "<group>";
		};
		E97F622713CAD6D300502CD8 /* iOS-Client */ = {
			isa = PBXGroup;
			children = (
				E97F623013CAD6D300502CD8 /* iOS_ClientAppDelegate.h */,
				E97F623113CAD6D300502CD8 /* iOS_ClientAppDelegate.m */,
				E97F623313CAD6D300502CD8 /* iPhone */,
				E97F623A13CAD6D300502CD8 /* iPad */,
				E97F622813CAD6D300502CD8 /* Supporting Files */,
			);
			path = "iOS-Client";
			sourceTree = "<group>";
		};
		E97F622813CAD6D300502CD8 /* Supporting Files */ = {
			isa = PBXGroup;
			children = (
				320B6C86F11D9990244A9730 /* Three20.bundle */,
				E97F622913CAD6D300502CD8 /* iOS-Client-Info.plist */,
				E97F622A13CAD6D300502CD8 /* InfoPlist.strings */,
				E97F622D13CAD6D300502CD8 /* iOS-Client-Prefix.pch */,
				E97F622E13CAD6D300502CD8 /* main.m */,
			);
			name = "Supporting Files";
			sourceTree = "<group>";
		};
		E97F623313CAD6D300502CD8 /* iPhone */ = {
			isa = PBXGroup;
			children = (
				E97F623413CAD6D300502CD8 /* iOS_ClientAppDelegate_iPhone.h */,
				E97F623513CAD6D300502CD8 /* iOS_ClientAppDelegate_iPhone.m */,
				E97F623713CAD6D300502CD8 /* MainWindow_iPhone.xib */,
			);
			name = iPhone;
			sourceTree = "<group>";
		};
		E97F623A13CAD6D300502CD8 /* iPad */ = {
			isa = PBXGroup;
			children = (
				E97F623B13CAD6D300502CD8 /* iOS_ClientAppDelegate_iPad.h */,
				E97F623C13CAD6D300502CD8 /* iOS_ClientAppDelegate_iPad.m */,
				E97F623E13CAD6D300502CD8 /* MainWindow_iPad.xib */,
			);
			name = iPad;
			sourceTree = "<group>";
		};
		E97F624C13CAD6D300502CD8 /* iOS-ClientTests */ = {
			isa = PBXGroup;
			children = (
				E97F625313CAD6D300502CD8 /* iOS_ClientTests.h */,
				E97F625513CAD6D300502CD8 /* iOS_ClientTests.m */,
				E97F624D13CAD6D300502CD8 /* Supporting Files */,
			);
			path = "iOS-ClientTests";
			sourceTree = "<group>";
		};
		E97F624D13CAD6D300502CD8 /* Supporting Files */ = {
			isa = PBXGroup;
			children = (
				E97F624E13CAD6D300502CD8 /* iOS-ClientTests-Info.plist */,
				E97F624F13CAD6D300502CD8 /* InfoPlist.strings */,
				E97F625213CAD6D300502CD8 /* iOS-ClientTests-Prefix.pch */,
			);
			name = "Supporting Files";
			sourceTree = "<group>";
		};
/* End PBXGroup section */

/* Begin PBXNativeTarget section */
		E97F621C13CAD6D300502CD8 /* iOS-Client */ = {
			isa = PBXNativeTarget;
			buildConfigurationList = E97F625913CAD6D300502CD8 /* Build configuration list for PBXNativeTarget "iOS-Client" */;
			buildPhases = (
				E97F621913CAD6D300502CD8 /* Sources */,
				E97F621A13CAD6D300502CD8 /* Frameworks */,
				E97F621B13CAD6D300502CD8 /* Resources */,
			);
			buildRules = (
			);
			dependencies = (
				3201088596B4756681693701 /* PBXTargetDependency */,
				320D7DCCE32703ACAB9A45E1 /* PBXTargetDependency */,
				320A737074758E53BA54BE91 /* PBXTargetDependency */,
				320A2827FEC940B25BC42C61 /* PBXTargetDependency */,
				320F2C48872C2E2C4DF86201 /* PBXTargetDependency */,
				320A5A189C235877202780D1 /* PBXTargetDependency */,
				320CC833B8AF0ACFD35E6221 /* PBXTargetDependency */,
			);
			name = "iOS-Client";
			productName = "iOS-Client";
			productReference = E97F621D13CAD6D300502CD8 /* iOS-Client.app */;
			productType = "com.apple.product-type.application";
		};
		E97F624513CAD6D300502CD8 /* iOS-ClientTests */ = {
			isa = PBXNativeTarget;
			buildConfigurationList = E97F625C13CAD6D300502CD8 /* Build configuration list for PBXNativeTarget "iOS-ClientTests" */;
			buildPhases = (
				E97F624113CAD6D300502CD8 /* Sources */,
				E97F624213CAD6D300502CD8 /* Frameworks */,
				E97F624313CAD6D300502CD8 /* Resources */,
				E97F624413CAD6D300502CD8 /* ShellScript */,
			);
			buildRules = (
			);
			dependencies = (
				E97F624B13CAD6D300502CD8 /* PBXTargetDependency */,
			);
			name = "iOS-ClientTests";
			productName = "iOS-ClientTests";
			productReference = E97F624613CAD6D300502CD8 /* iOS-ClientTests.octest */;
			productType = "com.apple.product-type.bundle";
		};
/* End PBXNativeTarget section */

/* Begin PBXProject section */
		E97F621413CAD6D300502CD8 /* Project object */ = {
			isa = PBXProject;
			attributes = {
				ORGANIZATIONNAME = NCCUCS;
			};
			buildConfigurationList = E97F621713CAD6D300502CD8 /* Build configuration list for PBXProject "iOS-Client" */;
			compatibilityVersion = "Xcode 3.2";
			developmentRegion = English;
			hasScannedForEncodings = 0;
			knownRegions = (
				en,
			);
			mainGroup = E97F621213CAD6D300502CD8;
			productRefGroup = E97F621E13CAD6D300502CD8 /* Products */;
			projectDirPath = "";
			projectReferences = (
				{
					ProductGroup = 320D7DCCE32703ACAB9A45E3 /* Products */;
					ProjectRef = 320D7DCCE32703ACAB9A45E0 /* Three20.xcodeproj */;
				},
				{
					ProductGroup = 320A2827FEC940B25BC42C63 /* Products */;
					ProjectRef = 320A2827FEC940B25BC42C60 /* Three20Core.xcodeproj */;
				},
				{
					ProductGroup = 320A5A189C235877202780D3 /* Products */;
					ProjectRef = 320A5A189C235877202780D0 /* Three20Network.xcodeproj */;
				},
				{
					ProductGroup = 320CC833B8AF0ACFD35E6223 /* Products */;
					ProjectRef = 320CC833B8AF0ACFD35E6220 /* Three20Style.xcodeproj */;
				},
				{
					ProductGroup = 320F2C48872C2E2C4DF86203 /* Products */;
					ProjectRef = 320F2C48872C2E2C4DF86200 /* Three20UI.xcodeproj */;
				},
				{
					ProductGroup = 3201088596B4756681693703 /* Products */;
					ProjectRef = 3201088596B4756681693700 /* Three20UICommon.xcodeproj */;
				},
				{
					ProductGroup = 320A737074758E53BA54BE93 /* Products */;
					ProjectRef = 320A737074758E53BA54BE90 /* Three20UINavigator.xcodeproj */;
				},
			);
			projectRoot = "";
			targets = (
				E97F621C13CAD6D300502CD8 /* iOS-Client */,
				E97F624513CAD6D300502CD8 /* iOS-ClientTests */,
			);
		};
/* End PBXProject section */

/* Begin PBXReferenceProxy section */
		3201088596B4756681693704 /* libThree20UICommon.a */ = {
			isa = PBXReferenceProxy;
			fileType = archive.ar;
			path = libThree20UICommon.a;
			remoteRef = 3201088596B4756681693706 /* PBXContainerItemProxy */;
			sourceTree = BUILT_PRODUCTS_DIR;
		};
		320A2827FEC940B25BC42C64 /* libThree20Core.a */ = {
			isa = PBXReferenceProxy;
			fileType = archive.ar;
			path = libThree20Core.a;
			remoteRef = 320A2827FEC940B25BC42C66 /* PBXContainerItemProxy */;
			sourceTree = BUILT_PRODUCTS_DIR;
		};
		320A5A189C235877202780D4 /* libThree20Network.a */ = {
			isa = PBXReferenceProxy;
			fileType = archive.ar;
			path = libThree20Network.a;
			remoteRef = 320A5A189C235877202780D6 /* PBXContainerItemProxy */;
			sourceTree = BUILT_PRODUCTS_DIR;
		};
		320A737074758E53BA54BE94 /* libThree20UINavigator.a */ = {
			isa = PBXReferenceProxy;
			fileType = archive.ar;
			path = libThree20UINavigator.a;
			remoteRef = 320A737074758E53BA54BE96 /* PBXContainerItemProxy */;
			sourceTree = BUILT_PRODUCTS_DIR;
		};
		320CC833B8AF0ACFD35E6224 /* libThree20Style.a */ = {
			isa = PBXReferenceProxy;
			fileType = archive.ar;
			path = libThree20Style.a;
			remoteRef = 320CC833B8AF0ACFD35E6226 /* PBXContainerItemProxy */;
			sourceTree = BUILT_PRODUCTS_DIR;
		};
		320D7DCCE32703ACAB9A45E4 /* libThree20.a */ = {
			isa = PBXReferenceProxy;
			fileType = archive.ar;
			path = libThree20.a;
			remoteRef = 320D7DCCE32703ACAB9A45E6 /* PBXContainerItemProxy */;
			sourceTree = BUILT_PRODUCTS_DIR;
		};
		320F2C48872C2E2C4DF86204 /* libThree20UI.a */ = {
			isa = PBXReferenceProxy;
			fileType = archive.ar;
			path = libThree20UI.a;
			remoteRef = 320F2C48872C2E2C4DF86206 /* PBXContainerItemProxy */;
			sourceTree = BUILT_PRODUCTS_DIR;
		};
		E97F629213CAD9E800502CD8 /* Three20UnitTests.octest */ = {
			isa = PBXReferenceProxy;
			fileType = wrapper.cfbundle;
			path = Three20UnitTests.octest;
			remoteRef = E97F629113CAD9E800502CD8 /* PBXContainerItemProxy */;
			sourceTree = BUILT_PRODUCTS_DIR;
		};
		E97F629513CAD9E800502CD8 /* CoreUnitTests.octest */ = {
			isa = PBXReferenceProxy;
			fileType = wrapper.cfbundle;
			path = CoreUnitTests.octest;
			remoteRef = E97F629413CAD9E800502CD8 /* PBXContainerItemProxy */;
			sourceTree = BUILT_PRODUCTS_DIR;
		};
		E97F629813CAD9E800502CD8 /* NetworkUnitTests.octest */ = {
			isa = PBXReferenceProxy;
			fileType = wrapper.cfbundle;
			path = NetworkUnitTests.octest;
			remoteRef = E97F629713CAD9E800502CD8 /* PBXContainerItemProxy */;
			sourceTree = BUILT_PRODUCTS_DIR;
		};
		E97F629B13CAD9E800502CD8 /* StyleUnitTests.octest */ = {
			isa = PBXReferenceProxy;
			fileType = wrapper.cfbundle;
			path = StyleUnitTests.octest;
			remoteRef = E97F629A13CAD9E800502CD8 /* PBXContainerItemProxy */;
			sourceTree = BUILT_PRODUCTS_DIR;
		};
		E97F629E13CAD9E800502CD8 /* UIUnitTests.octest */ = {
			isa = PBXReferenceProxy;
			fileType = wrapper.cfbundle;
			path = UIUnitTests.octest;
			remoteRef = E97F629D13CAD9E800502CD8 /* PBXContainerItemProxy */;
			sourceTree = BUILT_PRODUCTS_DIR;
		};
		E97F62A113CAD9E800502CD8 /* UICommonUnitTests.octest */ = {
			isa = PBXReferenceProxy;
			fileType = wrapper.cfbundle;
			path = UICommonUnitTests.octest;
			remoteRef = E97F62A013CAD9E800502CD8 /* PBXContainerItemProxy */;
			sourceTree = BUILT_PRODUCTS_DIR;
		};
		E97F62A413CAD9E800502CD8 /* UINavigatorUnitTests.octest */ = {
			isa = PBXReferenceProxy;
			fileType = wrapper.cfbundle;
			path = UINavigatorUnitTests.octest;
			remoteRef = E97F62A313CAD9E800502CD8 /* PBXContainerItemProxy */;
			sourceTree = BUILT_PRODUCTS_DIR;
		};
/* End PBXReferenceProxy section */

/* Begin PBXResourcesBuildPhase section */
		E97F621B13CAD6D300502CD8 /* Resources */ = {
			isa = PBXResourcesBuildPhase;
			buildActionMask = 2147483647;
			files = (
				320B6C86F11D9990244A9731 /* Three20.bundle in Resources */,
				E97F622C13CAD6D300502CD8 /* InfoPlist.strings in Resources */,
				E97F623913CAD6D300502CD8 /* MainWindow_iPhone.xib in Resources */,
				E97F624013CAD6D300502CD8 /* MainWindow_iPad.xib in Resources */,
			);
			runOnlyForDeploymentPostprocessing = 0;
		};
		E97F624313CAD6D300502CD8 /* Resources */ = {
			isa = PBXResourcesBuildPhase;
			buildActionMask = 2147483647;
			files = (
				E97F625113CAD6D300502CD8 /* InfoPlist.strings in Resources */,
				E97F625413CAD6D300502CD8 /* iOS_ClientTests.h in Resources */,
			);
			runOnlyForDeploymentPostprocessing = 0;
		};
/* End PBXResourcesBuildPhase section */

/* Begin PBXShellScriptBuildPhase section */
		E97F624413CAD6D300502CD8 /* ShellScript */ = {
			isa = PBXShellScriptBuildPhase;
			buildActionMask = 2147483647;
			files = (
			);
			inputPaths = (
			);
			outputPaths = (
			);
			runOnlyForDeploymentPostprocessing = 0;
			shellPath = /bin/sh;
			shellScript = "# Run the unit tests in this test bundle.\n\"${SYSTEM_DEVELOPER_DIR}/Tools/RunUnitTests\"\n";
		};
/* End PBXShellScriptBuildPhase section */

/* Begin PBXSourcesBuildPhase section */
		E97F621913CAD6D300502CD8 /* Sources */ = {
			isa = PBXSourcesBuildPhase;
			buildActionMask = 2147483647;
			files = (
				E97F622F13CAD6D300502CD8 /* main.m in Sources */,
				E97F623213CAD6D300502CD8 /* iOS_ClientAppDelegate.m in Sources */,
				E97F623613CAD6D300502CD8 /* iOS_ClientAppDelegate_iPhone.m in Sources */,
				E97F623D13CAD6D300502CD8 /* iOS_ClientAppDelegate_iPad.m in Sources */,
			);
			runOnlyForDeploymentPostprocessing = 0;
		};
		E97F624113CAD6D300502CD8 /* Sources */ = {
			isa = PBXSourcesBuildPhase;
			buildActionMask = 2147483647;
			files = (
				E97F625613CAD6D300502CD8 /* iOS_ClientTests.m in Sources */,
			);
			runOnlyForDeploymentPostprocessing = 0;
		};
/* End PBXSourcesBuildPhase section */

/* Begin PBXTargetDependency section */
		3201088596B4756681693701 /* PBXTargetDependency */ = {
			isa = PBXTargetDependency;
			name = Three20UICommon;
			targetProxy = 3201088596B4756681693702 /* PBXContainerItemProxy */;
		};
		320A2827FEC940B25BC42C61 /* PBXTargetDependency */ = {
			isa = PBXTargetDependency;
			name = Three20Core;
			targetProxy = 320A2827FEC940B25BC42C62 /* PBXContainerItemProxy */;
		};
		320A5A189C235877202780D1 /* PBXTargetDependency */ = {
			isa = PBXTargetDependency;
			name = Three20Network;
			targetProxy = 320A5A189C235877202780D2 /* PBXContainerItemProxy */;
		};
		320A737074758E53BA54BE91 /* PBXTargetDependency */ = {
			isa = PBXTargetDependency;
			name = Three20UINavigator;
			targetProxy = 320A737074758E53BA54BE92 /* PBXContainerItemProxy */;
		};
		320CC833B8AF0ACFD35E6221 /* PBXTargetDependency */ = {
			isa = PBXTargetDependency;
			name = Three20Style;
			targetProxy = 320CC833B8AF0ACFD35E6222 /* PBXContainerItemProxy */;
		};
		320D7DCCE32703ACAB9A45E1 /* PBXTargetDependency */ = {
			isa = PBXTargetDependency;
			name = Three20;
			targetProxy = 320D7DCCE32703ACAB9A45E2 /* PBXContainerItemProxy */;
		};
		320F2C48872C2E2C4DF86201 /* PBXTargetDependency */ = {
			isa = PBXTargetDependency;
			name = Three20UI;
			targetProxy = 320F2C48872C2E2C4DF86202 /* PBXContainerItemProxy */;
		};
		E97F624B13CAD6D300502CD8 /* PBXTargetDependency */ = {
			isa = PBXTargetDependency;
			target = E97F621C13CAD6D300502CD8 /* iOS-Client */;
			targetProxy = E97F624A13CAD6D300502CD8 /* PBXContainerItemProxy */;
		};
/* End PBXTargetDependency section */

/* Begin PBXVariantGroup section */
		E97F622A13CAD6D300502CD8 /* InfoPlist.strings */ = {
			isa = PBXVariantGroup;
			children = (
				E97F622B13CAD6D300502CD8 /* en */,
			);
			name = InfoPlist.strings;
			sourceTree = "<group>";
		};
		E97F623713CAD6D300502CD8 /* MainWindow_iPhone.xib */ = {
			isa = PBXVariantGroup;
			children = (
				E97F623813CAD6D300502CD8 /* en */,
			);
			name = MainWindow_iPhone.xib;
			sourceTree = "<group>";
		};
		E97F623E13CAD6D300502CD8 /* MainWindow_iPad.xib */ = {
			isa = PBXVariantGroup;
			children = (
				E97F623F13CAD6D300502CD8 /* en */,
			);
			name = MainWindow_iPad.xib;
			sourceTree = "<group>";
		};
		E97F624F13CAD6D300502CD8 /* InfoPlist.strings */ = {
			isa = PBXVariantGroup;
			children = (
				E97F625013CAD6D300502CD8 /* en */,
			);
			name = InfoPlist.strings;
			sourceTree = "<group>";
		};
/* End PBXVariantGroup section */

/* Begin XCBuildConfiguration section */
		E97F625713CAD6D300502CD8 /* Debug */ = {
			isa = XCBuildConfiguration;
			buildSettings = {
				ARCHS = "$(ARCHS_STANDARD_32_BIT)";
				"CODE_SIGN_IDENTITY[sdk=iphoneos*]" = "iPhone Developer";
				GCC_C_LANGUAGE_STANDARD = gnu99;
				GCC_OPTIMIZATION_LEVEL = 0;
				GCC_PREPROCESSOR_DEFINITIONS = DEBUG;
				GCC_SYMBOLS_PRIVATE_EXTERN = NO;
				GCC_VERSION = com.apple.compilers.llvmgcc42;
				GCC_WARN_ABOUT_RETURN_TYPE = YES;
				GCC_WARN_UNUSED_VARIABLE = YES;
				HEADER_SEARCH_PATHS = (
					"$(BUILT_PRODUCTS_DIR)/../three20",
					"$(BUILT_PRODUCTS_DIR)/../../three20",
					submodule/Three20/Build/Products/three20,
				);
				IPHONEOS_DEPLOYMENT_TARGET = 4.3;
				OTHER_LDFLAGS = "-ObjC";
				SDKROOT = iphoneos;
				TARGETED_DEVICE_FAMILY = "1,2";
			};
			name = Debug;
		};
		E97F625813CAD6D300502CD8 /* Release */ = {
			isa = XCBuildConfiguration;
			buildSettings = {
				ARCHS = "$(ARCHS_STANDARD_32_BIT)";
				"CODE_SIGN_IDENTITY[sdk=iphoneos*]" = "iPhone Developer";
				GCC_C_LANGUAGE_STANDARD = gnu99;
				GCC_VERSION = com.apple.compilers.llvmgcc42;
				GCC_WARN_ABOUT_RETURN_TYPE = YES;
				GCC_WARN_UNUSED_VARIABLE = YES;
				HEADER_SEARCH_PATHS = (
					"$(BUILT_PRODUCTS_DIR)/../three20",
					"$(BUILT_PRODUCTS_DIR)/../../three20",
					submodule/Three20/Build/Products/three20,
				);
				IPHONEOS_DEPLOYMENT_TARGET = 4.3;
				OTHER_CFLAGS = "-DNS_BLOCK_ASSERTIONS=1";
				OTHER_LDFLAGS = "-ObjC";
				SDKROOT = iphoneos;
				TARGETED_DEVICE_FAMILY = "1,2";
			};
			name = Release;
		};
		E97F625A13CAD6D300502CD8 /* Debug */ = {
			isa = XCBuildConfiguration;
			buildSettings = {
				ALWAYS_SEARCH_USER_PATHS = NO;
				COPY_PHASE_STRIP = NO;
				GCC_DYNAMIC_NO_PIC = NO;
				GCC_PRECOMPILE_PREFIX_HEADER = YES;
				GCC_PREFIX_HEADER = "iOS-Client/iOS-Client-Prefix.pch";
				INFOPLIST_FILE = "iOS-Client/iOS-Client-Info.plist";
				PRODUCT_NAME = "$(TARGET_NAME)";
				WRAPPER_EXTENSION = app;
			};
			name = Debug;
		};
		E97F625B13CAD6D300502CD8 /* Release */ = {
			isa = XCBuildConfiguration;
			buildSettings = {
				ALWAYS_SEARCH_USER_PATHS = NO;
				COPY_PHASE_STRIP = YES;
				GCC_PRECOMPILE_PREFIX_HEADER = YES;
				GCC_PREFIX_HEADER = "iOS-Client/iOS-Client-Prefix.pch";
				INFOPLIST_FILE = "iOS-Client/iOS-Client-Info.plist";
				PRODUCT_NAME = "$(TARGET_NAME)";
				VALIDATE_PRODUCT = YES;
				WRAPPER_EXTENSION = app;
			};
			name = Release;
		};
		E97F625D13CAD6D300502CD8 /* Debug */ = {
			isa = XCBuildConfiguration;
			buildSettings = {
				ALWAYS_SEARCH_USER_PATHS = NO;
				BUNDLE_LOADER = "$(BUILT_PRODUCTS_DIR)/iOS-Client.app/iOS-Client";
				FRAMEWORK_SEARCH_PATHS = (
					"$(SDKROOT)/Developer/Library/Frameworks",
					"$(DEVELOPER_LIBRARY_DIR)/Frameworks",
				);
				GCC_PRECOMPILE_PREFIX_HEADER = YES;
				GCC_PREFIX_HEADER = "iOS-ClientTests/iOS-ClientTests-Prefix.pch";
				INFOPLIST_FILE = "iOS-ClientTests/iOS-ClientTests-Info.plist";
				OTHER_LDFLAGS = (
					"-framework",
					SenTestingKit,
				);
				PRODUCT_NAME = "$(TARGET_NAME)";
				TEST_HOST = "$(BUNDLE_LOADER)";
				WRAPPER_EXTENSION = octest;
			};
			name = Debug;
		};
		E97F625E13CAD6D300502CD8 /* Release */ = {
			isa = XCBuildConfiguration;
			buildSettings = {
				ALWAYS_SEARCH_USER_PATHS = NO;
				BUNDLE_LOADER = "$(BUILT_PRODUCTS_DIR)/iOS-Client.app/iOS-Client";
				FRAMEWORK_SEARCH_PATHS = (
					"$(SDKROOT)/Developer/Library/Frameworks",
					"$(DEVELOPER_LIBRARY_DIR)/Frameworks",
				);
				GCC_PRECOMPILE_PREFIX_HEADER = YES;
				GCC_PREFIX_HEADER = "iOS-ClientTests/iOS-ClientTests-Prefix.pch";
				INFOPLIST_FILE = "iOS-ClientTests/iOS-ClientTests-Info.plist";
				OTHER_LDFLAGS = (
					"-framework",
					SenTestingKit,
				);
				PRODUCT_NAME = "$(TARGET_NAME)";
				TEST_HOST = "$(BUNDLE_LOADER)";
				WRAPPER_EXTENSION = octest;
			};
			name = Release;
		};
/* End XCBuildConfiguration section */

/* Begin XCConfigurationList section */
		E97F621713CAD6D300502CD8 /* Build configuration list for PBXProject "iOS-Client" */ = {
			isa = XCConfigurationList;
			buildConfigurations = (
				E97F625713CAD6D300502CD8 /* Debug */,
				E97F625813CAD6D300502CD8 /* Release */,
			);
			defaultConfigurationIsVisible = 0;
			defaultConfigurationName = Release;
		};
		E97F625913CAD6D300502CD8 /* Build configuration list for PBXNativeTarget "iOS-Client" */ = {
			isa = XCConfigurationList;
			buildConfigurations = (
				E97F625A13CAD6D300502CD8 /* Debug */,
				E97F625B13CAD6D300502CD8 /* Release */,
			);
			defaultConfigurationIsVisible = 0;
			defaultConfigurationName = Release;
		};
		E97F625C13CAD6D300502CD8 /* Build configuration list for PBXNativeTarget "iOS-ClientTests" */ = {
			isa = XCConfigurationList;
			buildConfigurations = (
				E97F625D13CAD6D300502CD8 /* Debug */,
				E97F625E13CAD6D300502CD8 /* Release */,
			);
			defaultConfigurationIsVisible = 0;
			defaultConfigurationName = Release;
		};
/* End XCConfigurationList section */
	};
	rootObject = E97F621413CAD6D300502CD8 /* Project object */;
}
